
Microsoft Visual Studio Solution File, Format Version 12.00
# Visual Studio Version 17
VisualStudioVersion = 17.2.32526.322
MinimumVisualStudioVersion = 10.0.40219.1
Project("{2150E333-8FDC-42A3-9474-1A3956D46DE8}") = "src", "src", "{AACE7915-DF37-48B5-B922-BCDFF053230F}"
EndProject
Project("{2150E333-8FDC-42A3-9474-1A3956D46DE8}") = "core", "core", "{51AD5906-A8C6-4449-9C16-15352DDEE66D}"
EndProject
Project("{9A19103F-16F7-4668-BE54-9A1E7A4F7556}") = "Issue", "src\core\Issue\Issue.csproj", "{AC0C8991-FF09-4F6A-910A-EA5314F0E9B8}"
EndProject
Project("{9A19103F-16F7-4668-BE54-9A1E7A4F7556}") = "User", "src\core\User\User.csproj", "{334C8DCD-C760-4875-98DB-B8CD40258D9C}"
EndProject
Project("{2150E333-8FDC-42A3-9474-1A3956D46DE8}") = "ports", "ports", "{2223383E-8912-46AF-B165-4F5DA03A5E31}"
EndProject
Project("{9A19103F-16F7-4668-BE54-9A1E7A4F7556}") = "DataTransferObjects", "src\ports\DataTransferObjects\DataTransferObjects.csproj", "{A29C7C27-3482-49A7-8D72-14BF6BCFA267}"
EndProject
Project("{9A19103F-16F7-4668-BE54-9A1E7A4F7556}") = "Ports", "src\ports\Ports\Ports.csproj", "{4151724D-2860-45AF-9F3B-3AEEFC894B81}"
EndProject
Project("{2150E333-8FDC-42A3-9474-1A3956D46DE8}") = "applications", "applications", "{AE73B282-D4EA-40B9-8DA3-40D2181290D7}"
EndProject
Project("{FAE04EC0-301F-11D3-BF4B-00C04F79EFBC}") = "AliciousUIAPI", "src\applications\AliciousUIAPI\AliciousUIAPI.csproj", "{1E70BBA3-8FFC-4688-93C9-C271779B6CA4}"
EndProject
Project("{2150E333-8FDC-42A3-9474-1A3956D46DE8}") = "adapters", "adapters", "{2FC6B9EF-0723-41BE-8023-A3142603E547}"
EndProject
Project("{9A19103F-16F7-4668-BE54-9A1E7A4F7556}") = "EFRepositoryAdapter", "src\adapters\EFRepositoryAdapter\EFRepositoryAdapter.csproj", "{3E1B1C81-0629-4F2B-B47D-C9DF2D5CC44D}"
EndProject
Project("{9A19103F-16F7-4668-BE54-9A1E7A4F7556}") = "AliciousAPI", "src\applications\AliciousAPI\AliciousAPI.csproj", "{9D8C5754-0437-4DB3-89EC-AB63B556F76A}"
EndProject
Project("{2150E333-8FDC-42A3-9474-1A3956D46DE8}") = "test", "test", "{06612AA4-6206-487E-B3D6-7FA2271D60FD}"
EndProject
Project("{9A19103F-16F7-4668-BE54-9A1E7A4F7556}") = "UserTest", "test\UserTest\UserTest.csproj", "{90EC12EC-B6B1-4F7E-8DC5-7E0EF2636C70}"
EndProject
Project("{FAE04EC0-301F-11D3-BF4B-00C04F79EFBC}") = "IssueTest", "test\IssueTest\IssueTest.csproj", "{BE34B70A-F638-4DE8-BB4E-FE7EC94E7ADB}"
EndProject
Global
	GlobalSection(SolutionConfigurationPlatforms) = preSolution
		Debug|Any CPU = Debug|Any CPU
		Release|Any CPU = Release|Any CPU
	EndGlobalSection
	GlobalSection(ProjectConfigurationPlatforms) = postSolution
		{AC0C8991-FF09-4F6A-910A-EA5314F0E9B8}.Debug|Any CPU.ActiveCfg = Debug|Any CPU
		{AC0C8991-FF09-4F6A-910A-EA5314F0E9B8}.Debug|Any CPU.Build.0 = Debug|Any CPU
		{AC0C8991-FF09-4F6A-910A-EA5314F0E9B8}.Release|Any CPU.ActiveCfg = Release|Any CPU
		{AC0C8991-FF09-4F6A-910A-EA5314F0E9B8}.Release|Any CPU.Build.0 = Release|Any CPU
		{334C8DCD-C760-4875-98DB-B8CD40258D9C}.Debug|Any CPU.ActiveCfg = Debug|Any CPU
		{334C8DCD-C760-4875-98DB-B8CD40258D9C}.Debug|Any CPU.Build.0 = Debug|Any CPU
		{334C8DCD-C760-4875-98DB-B8CD40258D9C}.Release|Any CPU.ActiveCfg = Release|Any CPU
		{334C8DCD-C760-4875-98DB-B8CD40258D9C}.Release|Any CPU.Build.0 = Release|Any CPU
		{A29C7C27-3482-49A7-8D72-14BF6BCFA267}.Debug|Any CPU.ActiveCfg = Debug|Any CPU
		{A29C7C27-3482-49A7-8D72-14BF6BCFA267}.Debug|Any CPU.Build.0 = Debug|Any CPU
		{A29C7C27-3482-49A7-8D72-14BF6BCFA267}.Release|Any CPU.ActiveCfg = Release|Any CPU
		{A29C7C27-3482-49A7-8D72-14BF6BCFA267}.Release|Any CPU.Build.0 = Release|Any CPU
		{4151724D-2860-45AF-9F3B-3AEEFC894B81}.Debug|Any CPU.ActiveCfg = Debug|Any CPU
		{4151724D-2860-45AF-9F3B-3AEEFC894B81}.Debug|Any CPU.Build.0 = Debug|Any CPU
		{4151724D-2860-45AF-9F3B-3AEEFC894B81}.Release|Any CPU.ActiveCfg = Release|Any CPU
		{4151724D-2860-45AF-9F3B-3AEEFC894B81}.Release|Any CPU.Build.0 = Release|Any CPU
		{1E70BBA3-8FFC-4688-93C9-C271779B6CA4}.Debug|Any CPU.ActiveCfg = Debug|Any CPU
		{1E70BBA3-8FFC-4688-93C9-C271779B6CA4}.Debug|Any CPU.Build.0 = Debug|Any CPU
		{1E70BBA3-8FFC-4688-93C9-C271779B6CA4}.Release|Any CPU.ActiveCfg = Release|Any CPU
		{1E70BBA3-8FFC-4688-93C9-C271779B6CA4}.Release|Any CPU.Build.0 = Release|Any CPU
		{3E1B1C81-0629-4F2B-B47D-C9DF2D5CC44D}.Debug|Any CPU.ActiveCfg = Debug|Any CPU
		{3E1B1C81-0629-4F2B-B47D-C9DF2D5CC44D}.Debug|Any CPU.Build.0 = Debug|Any CPU
		{3E1B1C81-0629-4F2B-B47D-C9DF2D5CC44D}.Release|Any CPU.ActiveCfg = Release|Any CPU
		{3E1B1C81-0629-4F2B-B47D-C9DF2D5CC44D}.Release|Any CPU.Build.0 = Release|Any CPU
		{9D8C5754-0437-4DB3-89EC-AB63B556F76A}.Debug|Any CPU.ActiveCfg = Debug|Any CPU
		{9D8C5754-0437-4DB3-89EC-AB63B556F76A}.Debug|Any CPU.Build.0 = Debug|Any CPU
		{9D8C5754-0437-4DB3-89EC-AB63B556F76A}.Release|Any CPU.ActiveCfg = Release|Any CPU
		{9D8C5754-0437-4DB3-89EC-AB63B556F76A}.Release|Any CPU.Build.0 = Release|Any CPU
		{90EC12EC-B6B1-4F7E-8DC5-7E0EF2636C70}.Debug|Any CPU.ActiveCfg = Debug|Any CPU
		{90EC12EC-B6B1-4F7E-8DC5-7E0EF2636C70}.Debug|Any CPU.Build.0 = Debug|Any CPU
		{90EC12EC-B6B1-4F7E-8DC5-7E0EF2636C70}.Release|Any CPU.ActiveCfg = Release|Any CPU
		{90EC12EC-B6B1-4F7E-8DC5-7E0EF2636C70}.Release|Any CPU.Build.0 = Release|Any CPU
		{BE34B70A-F638-4DE8-BB4E-FE7EC94E7ADB}.Debug|Any CPU.ActiveCfg = Debug|Any CPU
		{BE34B70A-F638-4DE8-BB4E-FE7EC94E7ADB}.Debug|Any CPU.Build.0 = Debug|Any CPU
		{BE34B70A-F638-4DE8-BB4E-FE7EC94E7ADB}.Release|Any CPU.ActiveCfg = Release|Any CPU
		{BE34B70A-F638-4DE8-BB4E-FE7EC94E7ADB}.Release|Any CPU.Build.0 = Release|Any CPU
	EndGlobalSection
	GlobalSection(SolutionProperties) = preSolution
		HideSolutionNode = FALSE
	EndGlobalSection
	GlobalSection(NestedProjects) = preSolution
		{51AD5906-A8C6-4449-9C16-15352DDEE66D} = {AACE7915-DF37-48B5-B922-BCDFF053230F}
		{AC0C8991-FF09-4F6A-910A-EA5314F0E9B8} = {51AD5906-A8C6-4449-9C16-15352DDEE66D}
		{334C8DCD-C760-4875-98DB-B8CD40258D9C} = {51AD5906-A8C6-4449-9C16-15352DDEE66D}
		{2223383E-8912-46AF-B165-4F5DA03A5E31} = {AACE7915-DF37-48B5-B922-BCDFF053230F}
		{A29C7C27-3482-49A7-8D72-14BF6BCFA267} = {2223383E-8912-46AF-B165-4F5DA03A5E31}
		{4151724D-2860-45AF-9F3B-3AEEFC894B81} = {2223383E-8912-46AF-B165-4F5DA03A5E31}
		{AE73B282-D4EA-40B9-8DA3-40D2181290D7} = {AACE7915-DF37-48B5-B922-BCDFF053230F}
		{1E70BBA3-8FFC-4688-93C9-C271779B6CA4} = {AE73B282-D4EA-40B9-8DA3-40D2181290D7}
		{2FC6B9EF-0723-41BE-8023-A3142603E547} = {AACE7915-DF37-48B5-B922-BCDFF053230F}
		{3E1B1C81-0629-4F2B-B47D-C9DF2D5CC44D} = {2FC6B9EF-0723-41BE-8023-A3142603E547}
		{9D8C5754-0437-4DB3-89EC-AB63B556F76A} = {AE73B282-D4EA-40B9-8DA3-40D2181290D7}
		{90EC12EC-B6B1-4F7E-8DC5-7E0EF2636C70} = {06612AA4-6206-487E-B3D6-7FA2271D60FD}
		{BE34B70A-F638-4DE8-BB4E-FE7EC94E7ADB} = {06612AA4-6206-487E-B3D6-7FA2271D60FD}
	EndGlobalSection
	GlobalSection(ExtensibilityGlobals) = postSolution
		SolutionGuid = {8EA8F069-90F7-4469-9F90-ED45BF21F79C}
	EndGlobalSection
EndGlobal
